
Microsoft Visual Studio Solution File, Format Version 12.00
# Visual Studio 15
VisualStudioVersion = 15.0.27004.2006
MinimumVisualStudioVersion = 10.0.40219.1
Project("{FAE04EC0-301F-11D3-BF4B-00C04F79EFBC}") = "SQLite.Net.DateTimeOffset.PostBuild", "SQLite.Net.DateTimeOffset.PostBuild\SQLite.Net.DateTimeOffset.PostBuild.csproj", "{1FE0265B-9F46-4464-BA07-381D1AD28894}"
EndProject
Project("{9A19103F-16F7-4668-BE54-9A1E7A4F7556}") = "SQLite.Net.DateTimeOffset.Attributes", "SQLite.Net.DateTimeOffset.Attributes\SQLite.Net.DateTimeOffset.Attributes.csproj", "{76758B6D-C253-4494-81D9-1252AB4FC6D1}"
EndProject
Project("{FAE04EC0-301F-11D3-BF4B-00C04F79EFBC}") = "SQLite.Net.DateTimeOffset.Test", "SQLite.Net.DateTimeOffset.Test\SQLite.Net.DateTimeOffset.Test.csproj", "{8DB16433-C807-4079-99D4-4C6C91BFC7C3}"
EndProject
Global
	GlobalSection(SolutionConfigurationPlatforms) = preSolution
		Debug|Any CPU = Debug|Any CPU
		Debug|ARM = Debug|ARM
		Debug|x64 = Debug|x64
		Debug|x86 = Debug|x86
		Release|Any CPU = Release|Any CPU
		Release|ARM = Release|ARM
		Release|x64 = Release|x64
		Release|x86 = Release|x86
	EndGlobalSection
	GlobalSection(ProjectConfigurationPlatforms) = postSolution
		{1FE0265B-9F46-4464-BA07-381D1AD28894}.Debug|Any CPU.ActiveCfg = Debug|Any CPU
		{1FE0265B-9F46-4464-BA07-381D1AD28894}.Debug|Any CPU.Build.0 = Debug|Any CPU
		{1FE0265B-9F46-4464-BA07-381D1AD28894}.Debug|ARM.ActiveCfg = Debug|Any CPU
		{1FE0265B-9F46-4464-BA07-381D1AD28894}.Debug|ARM.Build.0 = Debug|Any CPU
		{1FE0265B-9F46-4464-BA07-381D1AD28894}.Debug|x64.ActiveCfg = Debug|Any CPU
		{1FE0265B-9F46-4464-BA07-381D1AD28894}.Debug|x64.Build.0 = Debug|Any CPU
		{1FE0265B-9F46-4464-BA07-381D1AD28894}.Debug|x86.ActiveCfg = Debug|Any CPU
		{1FE0265B-9F46-4464-BA07-381D1AD28894}.Debug|x86.Build.0 = Debug|Any CPU
		{1FE0265B-9F46-4464-BA07-381D1AD28894}.Release|Any CPU.ActiveCfg = Release|Any CPU
		{1FE0265B-9F46-4464-BA07-381D1AD28894}.Release|Any CPU.Build.0 = Release|Any CPU
		{1FE0265B-9F46-4464-BA07-381D1AD28894}.Release|ARM.ActiveCfg = Release|Any CPU
		{1FE0265B-9F46-4464-BA07-381D1AD28894}.Release|ARM.Build.0 = Release|Any CPU
		{1FE0265B-9F46-4464-BA07-381D1AD28894}.Release|x64.ActiveCfg = Release|Any CPU
		{1FE0265B-9F46-4464-BA07-381D1AD28894}.Release|x64.Build.0 = Release|Any CPU
		{1FE0265B-9F46-4464-BA07-381D1AD28894}.Release|x86.ActiveCfg = Release|Any CPU
		{1FE0265B-9F46-4464-BA07-381D1AD28894}.Release|x86.Build.0 = Release|Any CPU
		{76758B6D-C253-4494-81D9-1252AB4FC6D1}.Debug|Any CPU.ActiveCfg = Debug|Any CPU
		{76758B6D-C253-4494-81D9-1252AB4FC6D1}.Debug|Any CPU.Build.0 = Debug|Any CPU
		{76758B6D-C253-4494-81D9-1252AB4FC6D1}.Debug|ARM.ActiveCfg = Debug|Any CPU
		{76758B6D-C253-4494-81D9-1252AB4FC6D1}.Debug|ARM.Build.0 = Debug|Any CPU
		{76758B6D-C253-4494-81D9-1252AB4FC6D1}.Debug|x64.ActiveCfg = Debug|Any CPU
		{76758B6D-C253-4494-81D9-1252AB4FC6D1}.Debug|x64.Build.0 = Debug|Any CPU
		{76758B6D-C253-4494-81D9-1252AB4FC6D1}.Debug|x86.ActiveCfg = Debug|Any CPU
		{76758B6D-C253-4494-81D9-1252AB4FC6D1}.Debug|x86.Build.0 = Debug|Any CPU
		{76758B6D-C253-4494-81D9-1252AB4FC6D1}.Release|Any CPU.ActiveCfg = Release|Any CPU
		{76758B6D-C253-4494-81D9-1252AB4FC6D1}.Release|Any CPU.Build.0 = Release|Any CPU
		{76758B6D-C253-4494-81D9-1252AB4FC6D1}.Release|ARM.ActiveCfg = Release|Any CPU
		{76758B6D-C253-4494-81D9-1252AB4FC6D1}.Release|ARM.Build.0 = Release|Any CPU
		{76758B6D-C253-4494-81D9-1252AB4FC6D1}.Release|x64.ActiveCfg = Release|Any CPU
		{76758B6D-C253-4494-81D9-1252AB4FC6D1}.Release|x64.Build.0 = Release|Any CPU
		{76758B6D-C253-4494-81D9-1252AB4FC6D1}.Release|x86.ActiveCfg = Release|Any CPU
		{76758B6D-C253-4494-81D9-1252AB4FC6D1}.Release|x86.Build.0 = Release|Any CPU
		{8DB16433-C807-4079-99D4-4C6C91BFC7C3}.Debug|Any CPU.ActiveCfg = Debug|x86
		{8DB16433-C807-4079-99D4-4C6C91BFC7C3}.Debug|Any CPU.Build.0 = Debug|x86
		{8DB16433-C807-4079-99D4-4C6C91BFC7C3}.Debug|Any CPU.Deploy.0 = Debug|x86
		{8DB16433-C807-4079-99D4-4C6C91BFC7C3}.Debug|ARM.ActiveCfg = Debug|ARM
		{8DB16433-C807-4079-99D4-4C6C91BFC7C3}.Debug|ARM.Build.0 = Debug|ARM
		{8DB16433-C807-4079-99D4-4C6C91BFC7C3}.Debug|ARM.Deploy.0 = Debug|ARM
		{8DB16433-C807-4079-99D4-4C6C91BFC7C3}.Debug|x64.ActiveCfg = Debug|x64
		{8DB16433-C807-4079-99D4-4C6C91BFC7C3}.Debug|x64.Build.0 = Debug|x64
		{8DB16433-C807-4079-99D4-4C6C91BFC7C3}.Debug|x64.Deploy.0 = Debug|x64
		{8DB16433-C807-4079-99D4-4C6C91BFC7C3}.Debug|x86.ActiveCfg = Debug|x86
		{8DB16433-C807-4079-99D4-4C6C91BFC7C3}.Debug|x86.Build.0 = Debug|x86
		{8DB16433-C807-4079-99D4-4C6C91BFC7C3}.Debug|x86.Deploy.0 = Debug|x86
		{8DB16433-C807-4079-99D4-4C6C91BFC7C3}.Release|Any CPU.ActiveCfg = Release|x86
		{8DB16433-C807-4079-99D4-4C6C91BFC7C3}.Release|Any CPU.Build.0 = Release|x86
		{8DB16433-C807-4079-99D4-4C6C91BFC7C3}.Release|Any CPU.Deploy.0 = Release|x86
		{8DB16433-C807-4079-99D4-4C6C91BFC7C3}.Release|ARM.ActiveCfg = Release|ARM
		{8DB16433-C807-4079-99D4-4C6C91BFC7C3}.Release|ARM.Build.0 = Release|ARM
		{8DB16433-C807-4079-99D4-4C6C91BFC7C3}.Release|ARM.Deploy.0 = Release|ARM
		{8DB16433-C807-4079-99D4-4C6C91BFC7C3}.Release|x64.ActiveCfg = Release|x64
		{8DB16433-C807-4079-99D4-4C6C91BFC7C3}.Release|x64.Build.0 = Release|x64
		{8DB16433-C807-4079-99D4-4C6C91BFC7C3}.Release|x64.Deploy.0 = Release|x64
		{8DB16433-C807-4079-99D4-4C6C91BFC7C3}.Release|x86.ActiveCfg = Release|x86
		{8DB16433-C807-4079-99D4-4C6C91BFC7C3}.Release|x86.Build.0 = Release|x86
		{8DB16433-C807-4079-99D4-4C6C91BFC7C3}.Release|x86.Deploy.0 = Release|x86
	EndGlobalSection
	GlobalSection(SolutionProperties) = preSolution
		HideSolutionNode = FALSE
	EndGlobalSection
	GlobalSection(ExtensibilityGlobals) = postSolution
		SolutionGuid = {28269591-AC05-442B-858B-52E1661CCD39}
	EndGlobalSection
EndGlobal
